PODS:
  - Alamofire (4.8.2)
  - ASAppleMusic (1.1.7):
    - Alamofire
    - EVReflection/Alamofire
  - EVReflection/Alamofire (5.10.1):
    - Alamofire
    - EVReflection/Core
  - EVReflection/Core (5.10.1)

DEPENDENCIES:
  - ASAppleMusic (from `../`)

SPEC REPOS:
  https://github.com/cocoapods/specs.git:
    - Alamofire
    - EVReflection

EXTERNAL SOURCES:
  ASAppleMusic:
    :path: "../"

SPEC CHECKSUMS:
  Alamofire: ae5c501addb7afdbb13687d7f2f722c78734c2d3
  ASAppleMusic: b1960fd7285958bbec44b00a77ddfa7399b82201
  EVReflection: 8124de482178d34ccd56473e16cd95990f9a1113

PODFILE CHECKSUM: 6c41e99ecb537c18d6a4308b2e46168da441d2e4

COCOAPODS: 1.7.0.beta.3
